
Microsoft Visual Studio Solution File, Format Version 12.00
# Visual Studio 2015
Project("{FAE04EC0-301F-11D3-BF4B-00C04F79EFBC}") = "Camelot Procedual Generation", "Camelot Procedual Generation.csproj", "{2899858A-9BC2-9C55-E4EB-442548D30017}"
EndProject
Project("{FAE04EC0-301F-11D3-BF4B-00C04F79EFBC}") = "Camelot Procedual Generation.Editor", "Camelot Procedual Generation.Editor.csproj", "{97D2C16D-EC45-964A-B4D2-B283882AE77A}"
EndProject
Global
	GlobalSection(SolutionConfigurationPlatforms) = preSolution
		Debug|Any CPU = Debug|Any CPU
		Release|Any CPU = Release|Any CPU
	EndGlobalSection
	GlobalSection(ProjectConfigurationPlatforms) = postSolution
		{2899858A-9BC2-9C55-E4EB-442548D30017}.Debug|Any CPU.ActiveCfg = Debug|Any CPU
		{2899858A-9BC2-9C55-E4EB-442548D30017}.Debug|Any CPU.Build.0 = Debug|Any CPU
		{2899858A-9BC2-9C55-E4EB-442548D30017}.Release|Any CPU.ActiveCfg = Release|Any CPU
		{2899858A-9BC2-9C55-E4EB-442548D30017}.Release|Any CPU.Build.0 = Release|Any CPU
		{97D2C16D-EC45-964A-B4D2-B283882AE77A}.Debug|Any CPU.ActiveCfg = Debug|Any CPU
		{97D2C16D-EC45-964A-B4D2-B283882AE77A}.Debug|Any CPU.Build.0 = Debug|Any CPU
		{97D2C16D-EC45-964A-B4D2-B283882AE77A}.Release|Any CPU.ActiveCfg = Release|Any CPU
		{97D2C16D-EC45-964A-B4D2-B283882AE77A}.Release|Any CPU.Build.0 = Release|Any CPU
	EndGlobalSection
	GlobalSection(SolutionProperties) = preSolution
		HideSolutionNode = FALSE
	EndGlobalSection
EndGlobal
